
Microsoft Visual Studio Solution File, Format Version 12.00
# Visual Studio Version 16
VisualStudioVersion = 16.0.31205.134
MinimumVisualStudioVersion = 10.0.40219.1
Project("{FAE04EC0-301F-11D3-BF4B-00C04F79EFBC}") = "VierGewinnt", "VierGewinnt\VierGewinnt.csproj", "{A0C8C6B2-E327-448B-AFFF-A7C75581D99E}"
EndProject
Global
	GlobalSection(SolutionConfigurationPlatforms) = preSolution
		Debug|Any CPU = Debug|Any CPU
		Release|Any CPU = Release|Any CPU
	EndGlobalSection
	GlobalSection(ProjectConfigurationPlatforms) = postSolution
		{A0C8C6B2-E327-448B-AFFF-A7C75581D99E}.Debug|Any CPU.ActiveCfg = Debug|Any CPU
		{A0C8C6B2-E327-448B-AFFF-A7C75581D99E}.Debug|Any CPU.Build.0 = Debug|Any CPU
		{A0C8C6B2-E327-448B-AFFF-A7C75581D99E}.Release|Any CPU.ActiveCfg = Release|Any CPU
		{A0C8C6B2-E327-448B-AFFF-A7C75581D99E}.Release|Any CPU.Build.0 = Release|Any CPU
	EndGlobalSection
	GlobalSection(SolutionProperties) = preSolution
		HideSolutionNode = FALSE
	EndGlobalSection
	GlobalSection(ExtensibilityGlobals) = postSolution
		SolutionGuid = {336CD89E-EB38-4DF9-9E9E-397B6781B930}
	EndGlobalSection
EndGlobal
